
Microsoft Visual Studio Solution File, Format Version 12.00
# Visual Studio Version 17
VisualStudioVersion = 17.13.35806.99 d17.13
MinimumVisualStudioVersion = 10.0.40219.1
Project("{8BC9CEB8-8B4A-11D0-8D11-00A0C91BC942}") = "Task01Project", "Task01Project\Task01Project.vcxproj", "{8C013783-DE2B-4C98-920C-5BB25A11234B}"
EndProject
Project("{8BC9CEB8-8B4A-11D0-8D11-00A0C91BC942}") = "Task02Project", "Task02Project\Task02Project.vcxproj", "{B84BBFC2-2FDE-4097-B816-52128BCF89D1}"
EndProject
Project("{8BC9CEB8-8B4A-11D0-8D11-00A0C91BC942}") = "Task03Project", "Task03Project\Task03Project.vcxproj", "{513A8D89-6D75-4D98-86A0-4855FCF2A016}"
EndProject
Project("{8BC9CEB8-8B4A-11D0-8D11-00A0C91BC942}") = "Task04Project", "Task04Project\Task04Project.vcxproj", "{980CF87B-5CF8-4171-BE2A-04AEB68A9173}"
EndProject
Project("{8BC9CEB8-8B4A-11D0-8D11-00A0C91BC942}") = "Task05Project", "Task05Project\Task05Project.vcxproj", "{79D15F34-1D20-4FA7-8C80-67AF34E22FAF}"
EndProject
Project("{8BC9CEB8-8B4A-11D0-8D11-00A0C91BC942}") = "Task06Project", "Task06Project\Task06Project.vcxproj", "{8EF0F975-FD7C-4561-9D80-70CFD62D8369}"
EndProject
Project("{8BC9CEB8-8B4A-11D0-8D11-00A0C91BC942}") = "Task07Project", "Task07Project\Task07Project.vcxproj", "{AF2B0E17-9FD3-40E5-B301-F4BE3641E743}"
EndProject
Project("{8BC9CEB8-8B4A-11D0-8D11-00A0C91BC942}") = "Task08Project", "Task08Project\Task08Project.vcxproj", "{4216B513-DF22-4215-87A2-1438FFC4424C}"
EndProject
Project("{8BC9CEB8-8B4A-11D0-8D11-00A0C91BC942}") = "Task09Project", "Task09Project\Task09Project.vcxproj", "{7CBD8DC3-B942-4776-9A64-B07CEA968A25}"
EndProject
Project("{8BC9CEB8-8B4A-11D0-8D11-00A0C91BC942}") = "Task10Project", "Task10Project\Task10Project.vcxproj", "{F627E285-B097-4FE2-9AD9-EAA292B9B658}"
EndProject
Project("{8BC9CEB8-8B4A-11D0-8D11-00A0C91BC942}") = "TaskXProject", "TaskXProject\TaskXProject.vcxproj", "{830DFD29-1726-4E11-8A08-487B43200EF3}"
EndProject
Project("{8BC9CEB8-8B4A-11D0-8D11-00A0C91BC942}") = "Task11Project", "Task11Project\Task11Project.vcxproj", "{8DD83E35-DFFD-4EA8-9F86-8A60A4CEBEFF}"
EndProject
Project("{8BC9CEB8-8B4A-11D0-8D11-00A0C91BC942}") = "Task12Project", "Task12Project\Task12Project.vcxproj", "{1E525EF6-FBD8-4BD0-8603-1AB56799AC5B}"
EndProject
Global
	GlobalSection(SolutionConfigurationPlatforms) = preSolution
		Debug|x64 = Debug|x64
		Debug|x86 = Debug|x86
		Release|x64 = Release|x64
		Release|x86 = Release|x86
	EndGlobalSection
	GlobalSection(ProjectConfigurationPlatforms) = postSolution
		{8C013783-DE2B-4C98-920C-5BB25A11234B}.Debug|x64.ActiveCfg = Debug|x64
		{8C013783-DE2B-4C98-920C-5BB25A11234B}.Debug|x64.Build.0 = Debug|x64
		{8C013783-DE2B-4C98-920C-5BB25A11234B}.Debug|x86.ActiveCfg = Debug|Win32
		{8C013783-DE2B-4C98-920C-5BB25A11234B}.Debug|x86.Build.0 = Debug|Win32
		{8C013783-DE2B-4C98-920C-5BB25A11234B}.Release|x64.ActiveCfg = Release|x64
		{8C013783-DE2B-4C98-920C-5BB25A11234B}.Release|x64.Build.0 = Release|x64
		{8C013783-DE2B-4C98-920C-5BB25A11234B}.Release|x86.ActiveCfg = Release|Win32
		{8C013783-DE2B-4C98-920C-5BB25A11234B}.Release|x86.Build.0 = Release|Win32
		{B84BBFC2-2FDE-4097-B816-52128BCF89D1}.Debug|x64.ActiveCfg = Debug|x64
		{B84BBFC2-2FDE-4097-B816-52128BCF89D1}.Debug|x64.Build.0 = Debug|x64
		{B84BBFC2-2FDE-4097-B816-52128BCF89D1}.Debug|x86.ActiveCfg = Debug|Win32
		{B84BBFC2-2FDE-4097-B816-52128BCF89D1}.Debug|x86.Build.0 = Debug|Win32
		{B84BBFC2-2FDE-4097-B816-52128BCF89D1}.Release|x64.ActiveCfg = Release|x64
		{B84BBFC2-2FDE-4097-B816-52128BCF89D1}.Release|x64.Build.0 = Release|x64
		{B84BBFC2-2FDE-4097-B816-52128BCF89D1}.Release|x86.ActiveCfg = Release|Win32
		{B84BBFC2-2FDE-4097-B816-52128BCF89D1}.Release|x86.Build.0 = Release|Win32
		{513A8D89-6D75-4D98-86A0-4855FCF2A016}.Debug|x64.ActiveCfg = Debug|x64
		{513A8D89-6D75-4D98-86A0-4855FCF2A016}.Debug|x64.Build.0 = Debug|x64
		{513A8D89-6D75-4D98-86A0-4855FCF2A016}.Debug|x86.ActiveCfg = Debug|Win32
		{513A8D89-6D75-4D98-86A0-4855FCF2A016}.Debug|x86.Build.0 = Debug|Win32
		{513A8D89-6D75-4D98-86A0-4855FCF2A016}.Release|x64.ActiveCfg = Release|x64
		{513A8D89-6D75-4D98-86A0-4855FCF2A016}.Release|x64.Build.0 = Release|x64
		{513A8D89-6D75-4D98-86A0-4855FCF2A016}.Release|x86.ActiveCfg = Release|Win32
		{513A8D89-6D75-4D98-86A0-4855FCF2A016}.Release|x86.Build.0 = Release|Win32
		{980CF87B-5CF8-4171-BE2A-04AEB68A9173}.Debug|x64.ActiveCfg = Debug|x64
		{980CF87B-5CF8-4171-BE2A-04AEB68A9173}.Debug|x64.Build.0 = Debug|x64
		{980CF87B-5CF8-4171-BE2A-04AEB68A9173}.Debug|x86.ActiveCfg = Debug|Win32
		{980CF87B-5CF8-4171-BE2A-04AEB68A9173}.Debug|x86.Build.0 = Debug|Win32
		{980CF87B-5CF8-4171-BE2A-04AEB68A9173}.Release|x64.ActiveCfg = Release|x64
		{980CF87B-5CF8-4171-BE2A-04AEB68A9173}.Release|x64.Build.0 = Release|x64
		{980CF87B-5CF8-4171-BE2A-04AEB68A9173}.Release|x86.ActiveCfg = Release|Win32
		{980CF87B-5CF8-4171-BE2A-04AEB68A9173}.Release|x86.Build.0 = Release|Win32
		{79D15F34-1D20-4FA7-8C80-67AF34E22FAF}.Debug|x64.ActiveCfg = Debug|x64
		{79D15F34-1D20-4FA7-8C80-67AF34E22FAF}.Debug|x64.Build.0 = Debug|x64
		{79D15F34-1D20-4FA7-8C80-67AF34E22FAF}.Debug|x86.ActiveCfg = Debug|Win32
		{79D15F34-1D20-4FA7-8C80-67AF34E22FAF}.Debug|x86.Build.0 = Debug|Win32
		{79D15F34-1D20-4FA7-8C80-67AF34E22FAF}.Release|x64.ActiveCfg = Release|x64
		{79D15F34-1D20-4FA7-8C80-67AF34E22FAF}.Release|x64.Build.0 = Release|x64
		{79D15F34-1D20-4FA7-8C80-67AF34E22FAF}.Release|x86.ActiveCfg = Release|Win32
		{79D15F34-1D20-4FA7-8C80-67AF34E22FAF}.Release|x86.Build.0 = Release|Win32
		{8EF0F975-FD7C-4561-9D80-70CFD62D8369}.Debug|x64.ActiveCfg = Debug|x64
		{8EF0F975-FD7C-4561-9D80-70CFD62D8369}.Debug|x64.Build.0 = Debug|x64
		{8EF0F975-FD7C-4561-9D80-70CFD62D8369}.Debug|x86.ActiveCfg = Debug|Win32
		{8EF0F975-FD7C-4561-9D80-70CFD62D8369}.Debug|x86.Build.0 = Debug|Win32
		{8EF0F975-FD7C-4561-9D80-70CFD62D8369}.Release|x64.ActiveCfg = Release|x64
		{8EF0F975-FD7C-4561-9D80-70CFD62D8369}.Release|x64.Build.0 = Release|x64
		{8EF0F975-FD7C-4561-9D80-70CFD62D8369}.Release|x86.ActiveCfg = Release|Win32
		{8EF0F975-FD7C-4561-9D80-70CFD62D8369}.Release|x86.Build.0 = Release|Win32
		{AF2B0E17-9FD3-40E5-B301-F4BE3641E743}.Debug|x64.ActiveCfg = Debug|x64
		{AF2B0E17-9FD3-40E5-B301-F4BE3641E743}.Debug|x64.Build.0 = Debug|x64
		{AF2B0E17-9FD3-40E5-B301-F4BE3641E743}.Debug|x86.ActiveCfg = Debug|Win32
		{AF2B0E17-9FD3-40E5-B301-F4BE3641E743}.Debug|x86.Build.0 = Debug|Win32
		{AF2B0E17-9FD3-40E5-B301-F4BE3641E743}.Release|x64.ActiveCfg = Release|x64
		{AF2B0E17-9FD3-40E5-B301-F4BE3641E743}.Release|x64.Build.0 = Release|x64
		{AF2B0E17-9FD3-40E5-B301-F4BE3641E743}.Release|x86.ActiveCfg = Release|Win32
		{AF2B0E17-9FD3-40E5-B301-F4BE3641E743}.Release|x86.Build.0 = Release|Win32
		{4216B513-DF22-4215-87A2-1438FFC4424C}.Debug|x64.ActiveCfg = Debug|x64
		{4216B513-DF22-4215-87A2-1438FFC4424C}.Debug|x64.Build.0 = Debug|x64
		{4216B513-DF22-4215-87A2-1438FFC4424C}.Debug|x86.ActiveCfg = Debug|Win32
		{4216B513-DF22-4215-87A2-1438FFC4424C}.Debug|x86.Build.0 = Debug|Win32
		{4216B513-DF22-4215-87A2-1438FFC4424C}.Release|x64.ActiveCfg = Release|x64
		{4216B513-DF22-4215-87A2-1438FFC4424C}.Release|x64.Build.0 = Release|x64
		{4216B513-DF22-4215-87A2-1438FFC4424C}.Release|x86.ActiveCfg = Release|Win32
		{4216B513-DF22-4215-87A2-1438FFC4424C}.Release|x86.Build.0 = Release|Win32
		{7CBD8DC3-B942-4776-9A64-B07CEA968A25}.Debug|x64.ActiveCfg = Debug|x64
		{7CBD8DC3-B942-4776-9A64-B07CEA968A25}.Debug|x64.Build.0 = Debug|x64
		{7CBD8DC3-B942-4776-9A64-B07CEA968A25}.Debug|x86.ActiveCfg = Debug|Win32
		{7CBD8DC3-B942-4776-9A64-B07CEA968A25}.Debug|x86.Build.0 = Debug|Win32
		{7CBD8DC3-B942-4776-9A64-B07CEA968A25}.Release|x64.ActiveCfg = Release|x64
		{7CBD8DC3-B942-4776-9A64-B07CEA968A25}.Release|x64.Build.0 = Release|x64
		{7CBD8DC3-B942-4776-9A64-B07CEA968A25}.Release|x86.ActiveCfg = Release|Win32
		{7CBD8DC3-B942-4776-9A64-B07CEA968A25}.Release|x86.Build.0 = Release|Win32
		{F627E285-B097-4FE2-9AD9-EAA292B9B658}.Debug|x64.ActiveCfg = Debug|x64
		{F627E285-B097-4FE2-9AD9-EAA292B9B658}.Debug|x64.Build.0 = Debug|x64
		{F627E285-B097-4FE2-9AD9-EAA292B9B658}.Debug|x86.ActiveCfg = Debug|Win32
		{F627E285-B097-4FE2-9AD9-EAA292B9B658}.Debug|x86.Build.0 = Debug|Win32
		{F627E285-B097-4FE2-9AD9-EAA292B9B658}.Release|x64.ActiveCfg = Release|x64
		{F627E285-B097-4FE2-9AD9-EAA292B9B658}.Release|x64.Build.0 = Release|x64
		{F627E285-B097-4FE2-9AD9-EAA292B9B658}.Release|x86.ActiveCfg = Release|Win32
		{F627E285-B097-4FE2-9AD9-EAA292B9B658}.Release|x86.Build.0 = Release|Win32
		{830DFD29-1726-4E11-8A08-487B43200EF3}.Debug|x64.ActiveCfg = Debug|x64
		{830DFD29-1726-4E11-8A08-487B43200EF3}.Debug|x64.Build.0 = Debug|x64
		{830DFD29-1726-4E11-8A08-487B43200EF3}.Debug|x86.ActiveCfg = Debug|Win32
		{830DFD29-1726-4E11-8A08-487B43200EF3}.Debug|x86.Build.0 = Debug|Win32
		{830DFD29-1726-4E11-8A08-487B43200EF3}.Release|x64.ActiveCfg = Release|x64
		{830DFD29-1726-4E11-8A08-487B43200EF3}.Release|x64.Build.0 = Release|x64
		{830DFD29-1726-4E11-8A08-487B43200EF3}.Release|x86.ActiveCfg = Release|Win32
		{830DFD29-1726-4E11-8A08-487B43200EF3}.Release|x86.Build.0 = Release|Win32
		{8DD83E35-DFFD-4EA8-9F86-8A60A4CEBEFF}.Debug|x64.ActiveCfg = Debug|x64
		{8DD83E35-DFFD-4EA8-9F86-8A60A4CEBEFF}.Debug|x64.Build.0 = Debug|x64
		{8DD83E35-DFFD-4EA8-9F86-8A60A4CEBEFF}.Debug|x86.ActiveCfg = Debug|Win32
		{8DD83E35-DFFD-4EA8-9F86-8A60A4CEBEFF}.Debug|x86.Build.0 = Debug|Win32
		{8DD83E35-DFFD-4EA8-9F86-8A60A4CEBEFF}.Release|x64.ActiveCfg = Release|x64
		{8DD83E35-DFFD-4EA8-9F86-8A60A4CEBEFF}.Release|x64.Build.0 = Release|x64
		{8DD83E35-DFFD-4EA8-9F86-8A60A4CEBEFF}.Release|x86.ActiveCfg = Release|Win32
		{8DD83E35-DFFD-4EA8-9F86-8A60A4CEBEFF}.Release|x86.Build.0 = Release|Win32
		{1E525EF6-FBD8-4BD0-8603-1AB56799AC5B}.Debug|x64.ActiveCfg = Debug|x64
		{1E525EF6-FBD8-4BD0-8603-1AB56799AC5B}.Debug|x64.Build.0 = Debug|x64
		{1E525EF6-FBD8-4BD0-8603-1AB56799AC5B}.Debug|x86.ActiveCfg = Debug|Win32
		{1E525EF6-FBD8-4BD0-8603-1AB56799AC5B}.Debug|x86.Build.0 = Debug|Win32
		{1E525EF6-FBD8-4BD0-8603-1AB56799AC5B}.Release|x64.ActiveCfg = Release|x64
		{1E525EF6-FBD8-4BD0-8603-1AB56799AC5B}.Release|x64.Build.0 = Release|x64
		{1E525EF6-FBD8-4BD0-8603-1AB56799AC5B}.Release|x86.ActiveCfg = Release|Win32
		{1E525EF6-FBD8-4BD0-8603-1AB56799AC5B}.Release|x86.Build.0 = Release|Win32
	EndGlobalSection
	GlobalSection(SolutionProperties) = preSolution
		HideSolutionNode = FALSE
	EndGlobalSection
	GlobalSection(ExtensibilityGlobals) = postSolution
		SolutionGuid = {41880E8C-EDFF-416C-85F7-8ECC5374797A}
	EndGlobalSection
EndGlobal
